
Microsoft Visual Studio Solution File, Format Version 12.00
# Visual Studio Version 17
VisualStudioVersion = 17.3.32819.101
MinimumVisualStudioVersion = 10.0.40219.1
Project("{FAE04EC0-301F-11D3-BF4B-00C04F79EFBC}") = "EventApplication", "EventApplication\EventApplication.csproj", "{1798B141-0ACB-4858-A288-D5311042F48D}"
EndProject
Project("{FAE04EC0-301F-11D3-BF4B-00C04F79EFBC}") = "EventAppTest", "EventAppTest\EventAppTest.csproj", "{15D53507-21AD-4557-8278-86350512B04D}"
EndProject
Global
	GlobalSection(SolutionConfigurationPlatforms) = preSolution
		Debug|Any CPU = Debug|Any CPU
		Release|Any CPU = Release|Any CPU
	EndGlobalSection
	GlobalSection(ProjectConfigurationPlatforms) = postSolution
		{1798B141-0ACB-4858-A288-D5311042F48D}.Debug|Any CPU.ActiveCfg = Debug|Any CPU
		{1798B141-0ACB-4858-A288-D5311042F48D}.Debug|Any CPU.Build.0 = Debug|Any CPU
		{1798B141-0ACB-4858-A288-D5311042F48D}.Release|Any CPU.ActiveCfg = Release|Any CPU
		{1798B141-0ACB-4858-A288-D5311042F48D}.Release|Any CPU.Build.0 = Release|Any CPU
		{15D53507-21AD-4557-8278-86350512B04D}.Debug|Any CPU.ActiveCfg = Debug|Any CPU
		{15D53507-21AD-4557-8278-86350512B04D}.Debug|Any CPU.Build.0 = Debug|Any CPU
		{15D53507-21AD-4557-8278-86350512B04D}.Release|Any CPU.ActiveCfg = Release|Any CPU
		{15D53507-21AD-4557-8278-86350512B04D}.Release|Any CPU.Build.0 = Release|Any CPU
	EndGlobalSection
	GlobalSection(SolutionProperties) = preSolution
		HideSolutionNode = FALSE
	EndGlobalSection
	GlobalSection(ExtensibilityGlobals) = postSolution
		SolutionGuid = {0F886BCB-2C50-434F-B644-F543BB25C9BB}
	EndGlobalSection
EndGlobal
