
Microsoft Visual Studio Solution File, Format Version 12.00
# Visual Studio Version 17
VisualStudioVersion = 17.3.32929.385
MinimumVisualStudioVersion = 10.0.40219.1
Project("{FAE04EC0-301F-11D3-BF4B-00C04F79EFBC}") = "ToDoList", "ToDoList\ToDoList.csproj", "{FE1A5501-9A38-48AD-A89D-E1322953658E}"
EndProject
Global
	GlobalSection(SolutionConfigurationPlatforms) = preSolution
		Debug|Any CPU = Debug|Any CPU
		Release|Any CPU = Release|Any CPU
	EndGlobalSection
	GlobalSection(ProjectConfigurationPlatforms) = postSolution
		{FE1A5501-9A38-48AD-A89D-E1322953658E}.Debug|Any CPU.ActiveCfg = Debug|Any CPU
		{FE1A5501-9A38-48AD-A89D-E1322953658E}.Debug|Any CPU.Build.0 = Debug|Any CPU
		{FE1A5501-9A38-48AD-A89D-E1322953658E}.Release|Any CPU.ActiveCfg = Release|Any CPU
		{FE1A5501-9A38-48AD-A89D-E1322953658E}.Release|Any CPU.Build.0 = Release|Any CPU
	EndGlobalSection
	GlobalSection(SolutionProperties) = preSolution
		HideSolutionNode = FALSE
	EndGlobalSection
	GlobalSection(ExtensibilityGlobals) = postSolution
		SolutionGuid = {7AB40321-0B9A-41DA-AB94-94AE0F4391A2}
	EndGlobalSection
EndGlobal
